
Microsoft Visual Studio Solution File, Format Version 12.00
# Visual Studio 15
VisualStudioVersion = 15.0.27705.2000
MinimumVisualStudioVersion = 10.0.40219.1
Project("{2150E333-8FDC-42A3-9474-1A3956D46DE8}") = ".paket", ".paket", "{CD76874C-5850-4B79-9E67-ED2CF65A1694}"
	ProjectSection(SolutionItems) = preProject
		paket.dependencies = paket.dependencies
		paket.lock = paket.lock
	EndProjectSection
EndProject
Project("{9A19103F-16F7-4668-BE54-9A1E7A4F7556}") = "Koala", "Koala\Koala.csproj", "{5A380B6C-373D-4F17-AAA8-2C8F3A91F079}"
EndProject
Project("{9A19103F-16F7-4668-BE54-9A1E7A4F7556}") = "Koala.Tests", "Koala.Tests\Koala.Tests.csproj", "{5DA4AD9A-4CB4-4F6D-B8E0-4B744802E1F2}"
EndProject
Global
	GlobalSection(SolutionConfigurationPlatforms) = preSolution
		Debug|Any CPU = Debug|Any CPU
		Release|Any CPU = Release|Any CPU
	EndGlobalSection
	GlobalSection(ProjectConfigurationPlatforms) = postSolution
		{5A380B6C-373D-4F17-AAA8-2C8F3A91F079}.Debug|Any CPU.ActiveCfg = Debug|Any CPU
		{5A380B6C-373D-4F17-AAA8-2C8F3A91F079}.Debug|Any CPU.Build.0 = Debug|Any CPU
		{5A380B6C-373D-4F17-AAA8-2C8F3A91F079}.Release|Any CPU.ActiveCfg = Release|Any CPU
		{5A380B6C-373D-4F17-AAA8-2C8F3A91F079}.Release|Any CPU.Build.0 = Release|Any CPU
		{5DA4AD9A-4CB4-4F6D-B8E0-4B744802E1F2}.Debug|Any CPU.ActiveCfg = Debug|Any CPU
		{5DA4AD9A-4CB4-4F6D-B8E0-4B744802E1F2}.Debug|Any CPU.Build.0 = Debug|Any CPU
		{5DA4AD9A-4CB4-4F6D-B8E0-4B744802E1F2}.Release|Any CPU.ActiveCfg = Release|Any CPU
		{5DA4AD9A-4CB4-4F6D-B8E0-4B744802E1F2}.Release|Any CPU.Build.0 = Release|Any CPU
	EndGlobalSection
	GlobalSection(SolutionProperties) = preSolution
		HideSolutionNode = FALSE
	EndGlobalSection
	GlobalSection(ExtensibilityGlobals) = postSolution
		SolutionGuid = {0ED30973-7F4A-42DE-AD9E-8B5C5A49F0A5}
	EndGlobalSection
EndGlobal
